
Microsoft Visual Studio Solution File, Format Version 12.00
# Visual Studio 15
VisualStudioVersion = 15.0.28307.572
MinimumVisualStudioVersion = 10.0.40219.1
Project("{FAE04EC0-301F-11D3-BF4B-00C04F79EFBC}") = "Kinesiologia", "Kinesiologia\Kinesiologia.csproj", "{E3E6E498-A34F-4C97-A332-B911C40D6C58}"
EndProject
Global
	GlobalSection(SolutionConfigurationPlatforms) = preSolution
		Debug|Any CPU = Debug|Any CPU
		Release|Any CPU = Release|Any CPU
	EndGlobalSection
	GlobalSection(ProjectConfigurationPlatforms) = postSolution
		{E3E6E498-A34F-4C97-A332-B911C40D6C58}.Debug|Any CPU.ActiveCfg = Debug|Any CPU
		{E3E6E498-A34F-4C97-A332-B911C40D6C58}.Debug|Any CPU.Build.0 = Debug|Any CPU
		{E3E6E498-A34F-4C97-A332-B911C40D6C58}.Release|Any CPU.ActiveCfg = Release|Any CPU
		{E3E6E498-A34F-4C97-A332-B911C40D6C58}.Release|Any CPU.Build.0 = Release|Any CPU
	EndGlobalSection
	GlobalSection(SolutionProperties) = preSolution
		HideSolutionNode = FALSE
	EndGlobalSection
	GlobalSection(ExtensibilityGlobals) = postSolution
		SolutionGuid = {F6074775-375C-455F-9DE5-129C012592EC}
	EndGlobalSection
EndGlobal
